{
  "object": {
    "pins": [
      {
        "package": "Sweep",
        "repositoryURL": "https://github.com/JohnSundell/Sweep",
        "state": {
          "branch": null,
          "revision": "801c2878e4c6c5baf32fe132e1f3f3af6f9fd1b0",
          "version": "0.4.0"
        }
      }
    ]
  },
  "version": 1
}
